
Microsoft Visual Studio Solution File, Format Version 12.00
# Visual Studio 15
VisualStudioVersion = 15.0.27428.2002
MinimumVisualStudioVersion = 10.0.40219.1
Project("{FAE04EC0-301F-11D3-BF4B-00C04F79EFBC}") = "ASP.NET MVC Program", "ASP.NET MVC Program\ASP.NET MVC Program.csproj", "{7342AE32-0BFE-4AD5-B8AE-9AF18E06737C}"
EndProject
Global
	GlobalSection(SolutionConfigurationPlatforms) = preSolution
		Debug|Any CPU = Debug|Any CPU
		Release|Any CPU = Release|Any CPU
	EndGlobalSection
	GlobalSection(ProjectConfigurationPlatforms) = postSolution
		{7342AE32-0BFE-4AD5-B8AE-9AF18E06737C}.Debug|Any CPU.ActiveCfg = Debug|Any CPU
		{7342AE32-0BFE-4AD5-B8AE-9AF18E06737C}.Debug|Any CPU.Build.0 = Debug|Any CPU
		{7342AE32-0BFE-4AD5-B8AE-9AF18E06737C}.Release|Any CPU.ActiveCfg = Release|Any CPU
		{7342AE32-0BFE-4AD5-B8AE-9AF18E06737C}.Release|Any CPU.Build.0 = Release|Any CPU
	EndGlobalSection
	GlobalSection(SolutionProperties) = preSolution
		HideSolutionNode = FALSE
	EndGlobalSection
	GlobalSection(ExtensibilityGlobals) = postSolution
		SolutionGuid = {0A5F17B1-D90D-4A8B-A7E8-6B579010E64E}
	EndGlobalSection
EndGlobal
